# This file is automatically @generated by Cargo.
# It is not intended for manual editing.
version = 4

[[package]]
name = "autocfg"
version = "1.5.1"
source = "registry+https://github.com/rust-lang/crates.io-index"
checksum = "f2032f911046de80f0a198e0901378627c33f59ea0ac00e363d481118bd70a53"

[[package]]
name = "clipper2-rust"
version = "1.1.0"
source = "registry+https://github.com/rust-lang/crates.io-index"
checksum = "0fd663fe209e7030c956e3be4c051dcc20cdb73da794f31466762cff12ca11bf"
dependencies = [
 "num-traits",
]

[[package]]
name = "earcutr"
version = "0.5.0"
source = "registry+https://github.com/rust-lang/crates.io-index"
checksum = "afc28d89ac6cb489f679fcf51aaa62b4667bb0fb73a30f1d4d23949069707c07"
dependencies = [
 "itertools",
 "num-traits",
]

[[package]]
name = "either"
version = "1.18.0"
source = "registry+https://github.com/rust-lang/crates.io-index"
checksum = "252afb9ae5eaa683babdc6a068b3f5726eb19e05070c731f9b2a23a7c3e8ed34"

[[package]]
name = "itertools"
version = "0.14.0"
source = "registry+https://github.com/rust-lang/crates.io-index"
checksum = "2b192c782037fadd9cfa75548310488aabdbf3d2da73885b31bd0abd03351285"
dependencies = [
 "either",
]

[[package]]
name = "num-traits"
version = "0.2.19"
source = "registry+https://github.com/rust-lang/crates.io-index"
checksum = "071dfc062690e90b734c0b2273ce72ad0ffa95f0c74596bc250dcfd960262841"
dependencies = [
 "autocfg",
]

[[package]]
name = "vector-geometry-kernel"
version = "0.1.0"
dependencies = [
 "clipper2-rust",
 "earcutr",
]
